
Microsoft Visual Studio Solution File, Format Version 12.00
# Visual Studio 15
VisualStudioVersion = 15.0.27703.2000
MinimumVisualStudioVersion = 10.0.40219.1
Project("{9A19103F-16F7-4668-BE54-9A1E7A4F7556}") = "DracoProtos.Core", "DracoProtos\DracoProtos.Core\DracoProtos.Core.csproj", "{53F51AA7-9FDB-470E-BB31-C8B9519D8035}"
EndProject
Project("{9A19103F-16F7-4668-BE54-9A1E7A4F7556}") = "DracoLib.Core", "DracoLib.Core\DracoLib.Core.csproj", "{E878890B-B7DB-421C-A273-4C17552CCF69}"
	ProjectSection(ProjectDependencies) = postProject
		{53F51AA7-9FDB-470E-BB31-C8B9519D8035} = {53F51AA7-9FDB-470E-BB31-C8B9519D8035}
	EndProjectSection
EndProject
Project("{2150E333-8FDC-42A3-9474-1A3956D46DE8}") = "Demos", "Demos", "{AE41881E-B4DB-43C6-A7C6-32FF65A08C7A}"
EndProject
Project("{FAE04EC0-301F-11D3-BF4B-00C04F79EFBC}") = "GetMapUpdate", "Demos\GetMapUpdate\GetMapUpdate.csproj", "{95D9D21B-FF91-4B7C-87F9-977D1D26FA2D}"
EndProject
Project("{FAE04EC0-301F-11D3-BF4B-00C04F79EFBC}") = "CreateUser", "Demos\CreateUser\CreateUser.csproj", "{588A92C5-ECE5-492F-A99F-FBB675CDC24C}"
EndProject
Project("{FAE04EC0-301F-11D3-BF4B-00C04F79EFBC}") = "GetCreatures", "Demos\GetCreatures\GetCreatures.csproj", "{95C7A6E0-A364-4811-871B-E4020038E7D4}"
EndProject
Project("{FAE04EC0-301F-11D3-BF4B-00C04F79EFBC}") = "GetItems", "Demos\GetItems\GetItems.csproj", "{0C51B01F-2849-4440-A08F-AF40D5157EFB}"
EndProject
Global
	GlobalSection(SolutionConfigurationPlatforms) = preSolution
		Debug|Any CPU = Debug|Any CPU
		Debug|x64 = Debug|x64
		Debug|x86 = Debug|x86
		Release|Any CPU = Release|Any CPU
		Release|x64 = Release|x64
		Release|x86 = Release|x86
	EndGlobalSection
	GlobalSection(ProjectConfigurationPlatforms) = postSolution
		{53F51AA7-9FDB-470E-BB31-C8B9519D8035}.Debug|Any CPU.ActiveCfg = Debug|Any CPU
		{53F51AA7-9FDB-470E-BB31-C8B9519D8035}.Debug|Any CPU.Build.0 = Debug|Any CPU
		{53F51AA7-9FDB-470E-BB31-C8B9519D8035}.Debug|x64.ActiveCfg = Debug|Any CPU
		{53F51AA7-9FDB-470E-BB31-C8B9519D8035}.Debug|x64.Build.0 = Debug|Any CPU
		{53F51AA7-9FDB-470E-BB31-C8B9519D8035}.Debug|x86.ActiveCfg = Debug|Any CPU
		{53F51AA7-9FDB-470E-BB31-C8B9519D8035}.Debug|x86.Build.0 = Debug|Any CPU
		{53F51AA7-9FDB-470E-BB31-C8B9519D8035}.Release|Any CPU.ActiveCfg = Release|Any CPU
		{53F51AA7-9FDB-470E-BB31-C8B9519D8035}.Release|Any CPU.Build.0 = Release|Any CPU
		{53F51AA7-9FDB-470E-BB31-C8B9519D8035}.Release|x64.ActiveCfg = Release|Any CPU
		{53F51AA7-9FDB-470E-BB31-C8B9519D8035}.Release|x64.Build.0 = Release|Any CPU
		{53F51AA7-9FDB-470E-BB31-C8B9519D8035}.Release|x86.ActiveCfg = Release|Any CPU
		{53F51AA7-9FDB-470E-BB31-C8B9519D8035}.Release|x86.Build.0 = Release|Any CPU
		{E878890B-B7DB-421C-A273-4C17552CCF69}.Debug|Any CPU.ActiveCfg = Debug|Any CPU
		{E878890B-B7DB-421C-A273-4C17552CCF69}.Debug|Any CPU.Build.0 = Debug|Any CPU
		{E878890B-B7DB-421C-A273-4C17552CCF69}.Debug|x64.ActiveCfg = Debug|Any CPU
		{E878890B-B7DB-421C-A273-4C17552CCF69}.Debug|x64.Build.0 = Debug|Any CPU
		{E878890B-B7DB-421C-A273-4C17552CCF69}.Debug|x86.ActiveCfg = Debug|Any CPU
		{E878890B-B7DB-421C-A273-4C17552CCF69}.Debug|x86.Build.0 = Debug|Any CPU
		{E878890B-B7DB-421C-A273-4C17552CCF69}.Release|Any CPU.ActiveCfg = Release|Any CPU
		{E878890B-B7DB-421C-A273-4C17552CCF69}.Release|Any CPU.Build.0 = Release|Any CPU
		{E878890B-B7DB-421C-A273-4C17552CCF69}.Release|x64.ActiveCfg = Release|Any CPU
		{E878890B-B7DB-421C-A273-4C17552CCF69}.Release|x64.Build.0 = Release|Any CPU
		{E878890B-B7DB-421C-A273-4C17552CCF69}.Release|x86.ActiveCfg = Release|Any CPU
		{E878890B-B7DB-421C-A273-4C17552CCF69}.Release|x86.Build.0 = Release|Any CPU
		{95D9D21B-FF91-4B7C-87F9-977D1D26FA2D}.Debug|Any CPU.ActiveCfg = Debug|Any CPU
		{95D9D21B-FF91-4B7C-87F9-977D1D26FA2D}.Debug|Any CPU.Build.0 = Debug|Any CPU
		{95D9D21B-FF91-4B7C-87F9-977D1D26FA2D}.Debug|x64.ActiveCfg = Debug|Any CPU
		{95D9D21B-FF91-4B7C-87F9-977D1D26FA2D}.Debug|x64.Build.0 = Debug|Any CPU
		{95D9D21B-FF91-4B7C-87F9-977D1D26FA2D}.Debug|x86.ActiveCfg = Debug|Any CPU
		{95D9D21B-FF91-4B7C-87F9-977D1D26FA2D}.Debug|x86.Build.0 = Debug|Any CPU
		{95D9D21B-FF91-4B7C-87F9-977D1D26FA2D}.Release|Any CPU.ActiveCfg = Release|Any CPU
		{95D9D21B-FF91-4B7C-87F9-977D1D26FA2D}.Release|Any CPU.Build.0 = Release|Any CPU
		{95D9D21B-FF91-4B7C-87F9-977D1D26FA2D}.Release|x64.ActiveCfg = Release|Any CPU
		{95D9D21B-FF91-4B7C-87F9-977D1D26FA2D}.Release|x64.Build.0 = Release|Any CPU
		{95D9D21B-FF91-4B7C-87F9-977D1D26FA2D}.Release|x86.ActiveCfg = Release|Any CPU
		{95D9D21B-FF91-4B7C-87F9-977D1D26FA2D}.Release|x86.Build.0 = Release|Any CPU
		{588A92C5-ECE5-492F-A99F-FBB675CDC24C}.Debug|Any CPU.ActiveCfg = Debug|Any CPU
		{588A92C5-ECE5-492F-A99F-FBB675CDC24C}.Debug|Any CPU.Build.0 = Debug|Any CPU
		{588A92C5-ECE5-492F-A99F-FBB675CDC24C}.Debug|x64.ActiveCfg = Debug|Any CPU
		{588A92C5-ECE5-492F-A99F-FBB675CDC24C}.Debug|x64.Build.0 = Debug|Any CPU
		{588A92C5-ECE5-492F-A99F-FBB675CDC24C}.Debug|x86.ActiveCfg = Debug|Any CPU
		{588A92C5-ECE5-492F-A99F-FBB675CDC24C}.Debug|x86.Build.0 = Debug|Any CPU
		{588A92C5-ECE5-492F-A99F-FBB675CDC24C}.Release|Any CPU.ActiveCfg = Release|Any CPU
		{588A92C5-ECE5-492F-A99F-FBB675CDC24C}.Release|Any CPU.Build.0 = Release|Any CPU
		{588A92C5-ECE5-492F-A99F-FBB675CDC24C}.Release|x64.ActiveCfg = Release|Any CPU
		{588A92C5-ECE5-492F-A99F-FBB675CDC24C}.Release|x64.Build.0 = Release|Any CPU
		{588A92C5-ECE5-492F-A99F-FBB675CDC24C}.Release|x86.ActiveCfg = Release|Any CPU
		{588A92C5-ECE5-492F-A99F-FBB675CDC24C}.Release|x86.Build.0 = Release|Any CPU
		{95C7A6E0-A364-4811-871B-E4020038E7D4}.Debug|Any CPU.ActiveCfg = Debug|Any CPU
		{95C7A6E0-A364-4811-871B-E4020038E7D4}.Debug|Any CPU.Build.0 = Debug|Any CPU
		{95C7A6E0-A364-4811-871B-E4020038E7D4}.Debug|x64.ActiveCfg = Debug|Any CPU
		{95C7A6E0-A364-4811-871B-E4020038E7D4}.Debug|x64.Build.0 = Debug|Any CPU
		{95C7A6E0-A364-4811-871B-E4020038E7D4}.Debug|x86.ActiveCfg = Debug|Any CPU
		{95C7A6E0-A364-4811-871B-E4020038E7D4}.Debug|x86.Build.0 = Debug|Any CPU
		{95C7A6E0-A364-4811-871B-E4020038E7D4}.Release|Any CPU.ActiveCfg = Release|Any CPU
		{95C7A6E0-A364-4811-871B-E4020038E7D4}.Release|Any CPU.Build.0 = Release|Any CPU
		{95C7A6E0-A364-4811-871B-E4020038E7D4}.Release|x64.ActiveCfg = Release|Any CPU
		{95C7A6E0-A364-4811-871B-E4020038E7D4}.Release|x64.Build.0 = Release|Any CPU
		{95C7A6E0-A364-4811-871B-E4020038E7D4}.Release|x86.ActiveCfg = Release|Any CPU
		{95C7A6E0-A364-4811-871B-E4020038E7D4}.Release|x86.Build.0 = Release|Any CPU
		{0C51B01F-2849-4440-A08F-AF40D5157EFB}.Debug|Any CPU.ActiveCfg = Debug|Any CPU
		{0C51B01F-2849-4440-A08F-AF40D5157EFB}.Debug|Any CPU.Build.0 = Debug|Any CPU
		{0C51B01F-2849-4440-A08F-AF40D5157EFB}.Debug|x64.ActiveCfg = Debug|Any CPU
		{0C51B01F-2849-4440-A08F-AF40D5157EFB}.Debug|x64.Build.0 = Debug|Any CPU
		{0C51B01F-2849-4440-A08F-AF40D5157EFB}.Debug|x86.ActiveCfg = Debug|Any CPU
		{0C51B01F-2849-4440-A08F-AF40D5157EFB}.Debug|x86.Build.0 = Debug|Any CPU
		{0C51B01F-2849-4440-A08F-AF40D5157EFB}.Release|Any CPU.ActiveCfg = Release|Any CPU
		{0C51B01F-2849-4440-A08F-AF40D5157EFB}.Release|Any CPU.Build.0 = Release|Any CPU
		{0C51B01F-2849-4440-A08F-AF40D5157EFB}.Release|x64.ActiveCfg = Release|Any CPU
		{0C51B01F-2849-4440-A08F-AF40D5157EFB}.Release|x64.Build.0 = Release|Any CPU
		{0C51B01F-2849-4440-A08F-AF40D5157EFB}.Release|x86.ActiveCfg = Release|Any CPU
		{0C51B01F-2849-4440-A08F-AF40D5157EFB}.Release|x86.Build.0 = Release|Any CPU
	EndGlobalSection
	GlobalSection(SolutionProperties) = preSolution
		HideSolutionNode = FALSE
	EndGlobalSection
	GlobalSection(NestedProjects) = preSolution
		{95D9D21B-FF91-4B7C-87F9-977D1D26FA2D} = {AE41881E-B4DB-43C6-A7C6-32FF65A08C7A}
		{588A92C5-ECE5-492F-A99F-FBB675CDC24C} = {AE41881E-B4DB-43C6-A7C6-32FF65A08C7A}
		{95C7A6E0-A364-4811-871B-E4020038E7D4} = {AE41881E-B4DB-43C6-A7C6-32FF65A08C7A}
		{0C51B01F-2849-4440-A08F-AF40D5157EFB} = {AE41881E-B4DB-43C6-A7C6-32FF65A08C7A}
	EndGlobalSection
	GlobalSection(ExtensibilityGlobals) = postSolution
		SolutionGuid = {DD2D538D-5E9A-4B06-A7C0-FEEAB6B693CD}
	EndGlobalSection
EndGlobal
